{
  "nodes": {
    "nixpkgs": {
      "locked": {
        "lastModified": 1775001697,
        "narHash": "sha256-0d0CiOaOFGwt/JzYp78U2MkxySoXtc/L/YPilfEFTyM=",
        "owner": "nixos",
        "repo": "nixpkgs",
        "rev": "f0c2377f3c3608030d77c646458d39b8c974b079",
        "type": "github"
      },
      "original": {
        "owner": "nixos",
        "repo": "nixpkgs",
        "type": "github"
      }
    },
    "root": {
      "inputs": {
        "nixpkgs": "nixpkgs",
        "rust-overlay": "rust-overlay",
        "treefmt-nix": "treefmt-nix"
      }
    },
    "rust-overlay": {
      "inputs": {
        "nixpkgs": [
          "nixpkgs"
        ]
      },
      "locked": {
        "lastModified": 1774926780,
        "narHash": "sha256-JMdDYn0F+swYBILlpCeHDbCSyzqkeSGNxZ/Q5J584jM=",
        "owner": "oxalica",
        "repo": "rust-overlay",
        "rev": "962a0934d0e32f42d1b5e49186f9595f9b178d2d",
        "type": "github"
      },
      "original": {
        "owner": "oxalica",
        "repo": "rust-overlay",
        "type": "github"
      }
    },
    "treefmt-nix": {
      "inputs": {
        "nixpkgs": [
          "nixpkgs"
        ]
      },
      "locked": {
        "lastModified": 1773297127,
        "narHash": "sha256-6E/yhXP7Oy/NbXtf1ktzmU8SdVqJQ09HC/48ebEGBpk=",
        "owner": "numtide",
        "repo": "treefmt-nix",
        "rev": "71b125cd05fbfd78cab3e070b73544abe24c5016",
        "type": "github"
      },
      "original": {
        "owner": "numtide",
        "repo": "treefmt-nix",
        "type": "github"
      }
    }
  },
  "root": "root",
  "version": 7
}
